
Microsoft Visual Studio Solution File, Format Version 12.00
# Visual Studio Version 16
VisualStudioVersion = 16.0.30320.27
MinimumVisualStudioVersion = 10.0.40219.1
Project("{FAE04EC0-301F-11D3-BF4B-00C04F79EFBC}") = "is-zekasi", "is-zekasi\is-zekasi.csproj", "{C20E97D1-5657-4FB4-9715-4E9E03561D47}"
EndProject
Global
	GlobalSection(SolutionConfigurationPlatforms) = preSolution
		Debug|Any CPU = Debug|Any CPU
		Release|Any CPU = Release|Any CPU
	EndGlobalSection
	GlobalSection(ProjectConfigurationPlatforms) = postSolution
		{C20E97D1-5657-4FB4-9715-4E9E03561D47}.Debug|Any CPU.ActiveCfg = Debug|Any CPU
		{C20E97D1-5657-4FB4-9715-4E9E03561D47}.Debug|Any CPU.Build.0 = Debug|Any CPU
		{C20E97D1-5657-4FB4-9715-4E9E03561D47}.Release|Any CPU.ActiveCfg = Release|Any CPU
		{C20E97D1-5657-4FB4-9715-4E9E03561D47}.Release|Any CPU.Build.0 = Release|Any CPU
	EndGlobalSection
	GlobalSection(SolutionProperties) = preSolution
		HideSolutionNode = FALSE
	EndGlobalSection
	GlobalSection(ExtensibilityGlobals) = postSolution
		SolutionGuid = {C1EFB386-505F-4988-9DDB-78614CDADCEF}
	EndGlobalSection
EndGlobal
